
Microsoft Visual Studio Solution File, Format Version 12.00
Project("{FAE04EC0-301F-11D3-BF4B-00C04F79EFBC}") = "Charity", "Charity\Charity.csproj", "{314CB6C8-8C34-4D52-8CB8-501B749AA97E}"
EndProject
Global
	GlobalSection(SolutionConfigurationPlatforms) = preSolution
		Debug|Any CPU = Debug|Any CPU
		Release|Any CPU = Release|Any CPU
	EndGlobalSection
	GlobalSection(ProjectConfigurationPlatforms) = postSolution
		{314CB6C8-8C34-4D52-8CB8-501B749AA97E}.Debug|Any CPU.ActiveCfg = Debug|Any CPU
		{314CB6C8-8C34-4D52-8CB8-501B749AA97E}.Debug|Any CPU.Build.0 = Debug|Any CPU
		{314CB6C8-8C34-4D52-8CB8-501B749AA97E}.Release|Any CPU.ActiveCfg = Release|Any CPU
		{314CB6C8-8C34-4D52-8CB8-501B749AA97E}.Release|Any CPU.Build.0 = Release|Any CPU
	EndGlobalSection
EndGlobal
